
Microsoft Visual Studio Solution File, Format Version 12.00
# Visual Studio Version 17
VisualStudioVersion = 17.0.31903.59
MinimumVisualStudioVersion = 10.0.40219.1
Project("{FAE04EC0-301F-11D3-BF4B-00C04F79EFBC}") = "API", "API\API.csproj", "{674E0BD5-1B6A-47ED-88C8-8A1A260CB21C}"
EndProject
Project("{FAE04EC0-301F-11D3-BF4B-00C04F79EFBC}") = "Application", "Application\Application.csproj", "{930CBB13-8524-4C78-A60E-57783F7D2468}"
EndProject
Project("{FAE04EC0-301F-11D3-BF4B-00C04F79EFBC}") = "Domain", "Domain\Domain.csproj", "{DAD5AC0B-288C-472D-9BD9-9082A7A438AD}"
EndProject
Project("{FAE04EC0-301F-11D3-BF4B-00C04F79EFBC}") = "Persistence", "Persistence\Persistence.csproj", "{18A3B992-CE36-420E-8645-FF9D33DD7A14}"
EndProject
Global
	GlobalSection(SolutionConfigurationPlatforms) = preSolution
		Debug|Any CPU = Debug|Any CPU
		Release|Any CPU = Release|Any CPU
	EndGlobalSection
	GlobalSection(SolutionProperties) = preSolution
		HideSolutionNode = FALSE
	EndGlobalSection
	GlobalSection(ProjectConfigurationPlatforms) = postSolution
		{674E0BD5-1B6A-47ED-88C8-8A1A260CB21C}.Debug|Any CPU.ActiveCfg = Debug|Any CPU
		{674E0BD5-1B6A-47ED-88C8-8A1A260CB21C}.Debug|Any CPU.Build.0 = Debug|Any CPU
		{674E0BD5-1B6A-47ED-88C8-8A1A260CB21C}.Release|Any CPU.ActiveCfg = Release|Any CPU
		{674E0BD5-1B6A-47ED-88C8-8A1A260CB21C}.Release|Any CPU.Build.0 = Release|Any CPU
		{930CBB13-8524-4C78-A60E-57783F7D2468}.Debug|Any CPU.ActiveCfg = Debug|Any CPU
		{930CBB13-8524-4C78-A60E-57783F7D2468}.Debug|Any CPU.Build.0 = Debug|Any CPU
		{930CBB13-8524-4C78-A60E-57783F7D2468}.Release|Any CPU.ActiveCfg = Release|Any CPU
		{930CBB13-8524-4C78-A60E-57783F7D2468}.Release|Any CPU.Build.0 = Release|Any CPU
		{DAD5AC0B-288C-472D-9BD9-9082A7A438AD}.Debug|Any CPU.ActiveCfg = Debug|Any CPU
		{DAD5AC0B-288C-472D-9BD9-9082A7A438AD}.Debug|Any CPU.Build.0 = Debug|Any CPU
		{DAD5AC0B-288C-472D-9BD9-9082A7A438AD}.Release|Any CPU.ActiveCfg = Release|Any CPU
		{DAD5AC0B-288C-472D-9BD9-9082A7A438AD}.Release|Any CPU.Build.0 = Release|Any CPU
		{18A3B992-CE36-420E-8645-FF9D33DD7A14}.Debug|Any CPU.ActiveCfg = Debug|Any CPU
		{18A3B992-CE36-420E-8645-FF9D33DD7A14}.Debug|Any CPU.Build.0 = Debug|Any CPU
		{18A3B992-CE36-420E-8645-FF9D33DD7A14}.Release|Any CPU.ActiveCfg = Release|Any CPU
		{18A3B992-CE36-420E-8645-FF9D33DD7A14}.Release|Any CPU.Build.0 = Release|Any CPU
	EndGlobalSection
EndGlobal
